
Microsoft Visual Studio Solution File, Format Version 12.00
# Visual Studio 15
VisualStudioVersion = 15.0.26430.6
MinimumVisualStudioVersion = 10.0.40219.1
Project("{FAE04EC0-301F-11D3-BF4B-00C04F79EFBC}") = "Introduction", "Introduction\Introduction.csproj", "{9733DA3C-BDCD-410B-8316-B4EFA0FC2AF0}"
EndProject
Project("{FAE04EC0-301F-11D3-BF4B-00C04F79EFBC}") = "IntroductionTests", "IntroductionTests\IntroductionTests.csproj", "{DCAA6409-271B-4771-B561-F4131FCE740A}"
EndProject
Project("{FAE04EC0-301F-11D3-BF4B-00C04F79EFBC}") = "StartWithRuleSet", "StartWithRuleSet\StartWithRuleSet.csproj", "{2147321F-792D-48C0-84C7-F52E39ACB3A8}"
EndProject
Project("{FAE04EC0-301F-11D3-BF4B-00C04F79EFBC}") = "StartWithRuleSetTests", "StartWithRuleSetTests\StartWithRuleSetTests.csproj", "{0F82DB45-193F-4801-B32A-BC54875689B7}"
EndProject
Global
	GlobalSection(SolutionConfigurationPlatforms) = preSolution
		Debug|Any CPU = Debug|Any CPU
		Release|Any CPU = Release|Any CPU
	EndGlobalSection
	GlobalSection(ProjectConfigurationPlatforms) = postSolution
		{9733DA3C-BDCD-410B-8316-B4EFA0FC2AF0}.Debug|Any CPU.ActiveCfg = Debug|Any CPU
		{9733DA3C-BDCD-410B-8316-B4EFA0FC2AF0}.Debug|Any CPU.Build.0 = Debug|Any CPU
		{9733DA3C-BDCD-410B-8316-B4EFA0FC2AF0}.Release|Any CPU.ActiveCfg = Release|Any CPU
		{9733DA3C-BDCD-410B-8316-B4EFA0FC2AF0}.Release|Any CPU.Build.0 = Release|Any CPU
		{DCAA6409-271B-4771-B561-F4131FCE740A}.Debug|Any CPU.ActiveCfg = Debug|Any CPU
		{DCAA6409-271B-4771-B561-F4131FCE740A}.Debug|Any CPU.Build.0 = Debug|Any CPU
		{DCAA6409-271B-4771-B561-F4131FCE740A}.Release|Any CPU.ActiveCfg = Release|Any CPU
		{DCAA6409-271B-4771-B561-F4131FCE740A}.Release|Any CPU.Build.0 = Release|Any CPU
		{2147321F-792D-48C0-84C7-F52E39ACB3A8}.Debug|Any CPU.ActiveCfg = Debug|Any CPU
		{2147321F-792D-48C0-84C7-F52E39ACB3A8}.Debug|Any CPU.Build.0 = Debug|Any CPU
		{2147321F-792D-48C0-84C7-F52E39ACB3A8}.Release|Any CPU.ActiveCfg = Release|Any CPU
		{2147321F-792D-48C0-84C7-F52E39ACB3A8}.Release|Any CPU.Build.0 = Release|Any CPU
		{0F82DB45-193F-4801-B32A-BC54875689B7}.Debug|Any CPU.ActiveCfg = Debug|Any CPU
		{0F82DB45-193F-4801-B32A-BC54875689B7}.Debug|Any CPU.Build.0 = Debug|Any CPU
		{0F82DB45-193F-4801-B32A-BC54875689B7}.Release|Any CPU.ActiveCfg = Release|Any CPU
		{0F82DB45-193F-4801-B32A-BC54875689B7}.Release|Any CPU.Build.0 = Release|Any CPU
	EndGlobalSection
	GlobalSection(SolutionProperties) = preSolution
		HideSolutionNode = FALSE
	EndGlobalSection
EndGlobal
