
Microsoft Visual Studio Solution File, Format Version 12.00
# Visual Studio 15
VisualStudioVersion = 15.0.26430.6
MinimumVisualStudioVersion = 10.0.40219.1
Project("{FAE04EC0-301F-11D3-BF4B-00C04F79EFBC}") = "Introduction", "Introduction\Introduction.csproj", "{9733DA3C-BDCD-410B-8316-B4EFA0FC2AF0}"
EndProject
Project("{FAE04EC0-301F-11D3-BF4B-00C04F79EFBC}") = "IntroductionTests", "IntroductionTests\IntroductionTests.csproj", "{DCAA6409-271B-4771-B561-F4131FCE740A}"
EndProject
Project("{FAE04EC0-301F-11D3-BF4B-00C04F79EFBC}") = "StartWithRuleSet", "StartWithRuleSet\StartWithRuleSet.csproj", "{2147321F-792D-48C0-84C7-F52E39ACB3A8}"
EndProject
Project("{FAE04EC0-301F-11D3-BF4B-00C04F79EFBC}") = "StartWithRuleSetTests", "StartWithRuleSetTests\StartWithRuleSetTests.csproj", "{0F82DB45-193F-4801-B32A-BC54875689B7}"
EndProject
Project("{FAE04EC0-301F-11D3-BF4B-00C04F79EFBC}") = "OutsideInTdd", "OutsideInTdd\OutsideInTdd.csproj", "{8926EE55-118D-4128-8507-7FB3CB845F48}"
EndProject
Project("{FAE04EC0-301F-11D3-BF4B-00C04F79EFBC}") = "OutsideInTddTests", "OutsideInTddTests\OutsideInTddTests.csproj", "{96D462BD-E5F2-4B69-A3A9-7F87973D9623}"
EndProject
Project("{FAE04EC0-301F-11D3-BF4B-00C04F79EFBC}") = "OutsideInTdd2", "OutsideInTdd2\OutsideInTdd2.csproj", "{00583383-00EF-41C0-865B-C07D387E43BD}"
EndProject
Project("{FAE04EC0-301F-11D3-BF4B-00C04F79EFBC}") = "OutsideInTdd2Tests", "OutsideInTdd2Tests\OutsideInTdd2Tests.csproj", "{6E562DA4-6461-4D14-9E6E-FF22372D4263}"
EndProject
Project("{FAE04EC0-301F-11D3-BF4B-00C04F79EFBC}") = "BabyStepTimer", "BabyStepTimer\BabyStepTimer.csproj", "{8847A96A-53B3-4A6A-8D30-74EFC01168D8}"
EndProject
Project("{FAE04EC0-301F-11D3-BF4B-00C04F79EFBC}") = "BabyStepTimerTests", "BabyStepTimerTests\BabyStepTimerTests.csproj", "{6668A8FA-20C9-4F3A-8CED-3EAE3DDC8E20}"
EndProject
Global
	GlobalSection(SolutionConfigurationPlatforms) = preSolution
		Debug|Any CPU = Debug|Any CPU
		Release|Any CPU = Release|Any CPU
	EndGlobalSection
	GlobalSection(ProjectConfigurationPlatforms) = postSolution
		{9733DA3C-BDCD-410B-8316-B4EFA0FC2AF0}.Debug|Any CPU.ActiveCfg = Debug|Any CPU
		{9733DA3C-BDCD-410B-8316-B4EFA0FC2AF0}.Debug|Any CPU.Build.0 = Debug|Any CPU
		{9733DA3C-BDCD-410B-8316-B4EFA0FC2AF0}.Release|Any CPU.ActiveCfg = Release|Any CPU
		{9733DA3C-BDCD-410B-8316-B4EFA0FC2AF0}.Release|Any CPU.Build.0 = Release|Any CPU
		{DCAA6409-271B-4771-B561-F4131FCE740A}.Debug|Any CPU.ActiveCfg = Debug|Any CPU
		{DCAA6409-271B-4771-B561-F4131FCE740A}.Debug|Any CPU.Build.0 = Debug|Any CPU
		{DCAA6409-271B-4771-B561-F4131FCE740A}.Release|Any CPU.ActiveCfg = Release|Any CPU
		{DCAA6409-271B-4771-B561-F4131FCE740A}.Release|Any CPU.Build.0 = Release|Any CPU
		{2147321F-792D-48C0-84C7-F52E39ACB3A8}.Debug|Any CPU.ActiveCfg = Debug|Any CPU
		{2147321F-792D-48C0-84C7-F52E39ACB3A8}.Debug|Any CPU.Build.0 = Debug|Any CPU
		{2147321F-792D-48C0-84C7-F52E39ACB3A8}.Release|Any CPU.ActiveCfg = Release|Any CPU
		{2147321F-792D-48C0-84C7-F52E39ACB3A8}.Release|Any CPU.Build.0 = Release|Any CPU
		{0F82DB45-193F-4801-B32A-BC54875689B7}.Debug|Any CPU.ActiveCfg = Debug|Any CPU
		{0F82DB45-193F-4801-B32A-BC54875689B7}.Debug|Any CPU.Build.0 = Debug|Any CPU
		{0F82DB45-193F-4801-B32A-BC54875689B7}.Release|Any CPU.ActiveCfg = Release|Any CPU
		{0F82DB45-193F-4801-B32A-BC54875689B7}.Release|Any CPU.Build.0 = Release|Any CPU
		{8926EE55-118D-4128-8507-7FB3CB845F48}.Debug|Any CPU.ActiveCfg = Debug|Any CPU
		{8926EE55-118D-4128-8507-7FB3CB845F48}.Debug|Any CPU.Build.0 = Debug|Any CPU
		{8926EE55-118D-4128-8507-7FB3CB845F48}.Release|Any CPU.ActiveCfg = Release|Any CPU
		{8926EE55-118D-4128-8507-7FB3CB845F48}.Release|Any CPU.Build.0 = Release|Any CPU
		{96D462BD-E5F2-4B69-A3A9-7F87973D9623}.Debug|Any CPU.ActiveCfg = Debug|Any CPU
		{96D462BD-E5F2-4B69-A3A9-7F87973D9623}.Debug|Any CPU.Build.0 = Debug|Any CPU
		{96D462BD-E5F2-4B69-A3A9-7F87973D9623}.Release|Any CPU.ActiveCfg = Release|Any CPU
		{96D462BD-E5F2-4B69-A3A9-7F87973D9623}.Release|Any CPU.Build.0 = Release|Any CPU
		{00583383-00EF-41C0-865B-C07D387E43BD}.Debug|Any CPU.ActiveCfg = Debug|Any CPU
		{00583383-00EF-41C0-865B-C07D387E43BD}.Debug|Any CPU.Build.0 = Debug|Any CPU
		{00583383-00EF-41C0-865B-C07D387E43BD}.Release|Any CPU.ActiveCfg = Release|Any CPU
		{00583383-00EF-41C0-865B-C07D387E43BD}.Release|Any CPU.Build.0 = Release|Any CPU
		{6E562DA4-6461-4D14-9E6E-FF22372D4263}.Debug|Any CPU.ActiveCfg = Debug|Any CPU
		{6E562DA4-6461-4D14-9E6E-FF22372D4263}.Debug|Any CPU.Build.0 = Debug|Any CPU
		{6E562DA4-6461-4D14-9E6E-FF22372D4263}.Release|Any CPU.ActiveCfg = Release|Any CPU
		{6E562DA4-6461-4D14-9E6E-FF22372D4263}.Release|Any CPU.Build.0 = Release|Any CPU
		{8847A96A-53B3-4A6A-8D30-74EFC01168D8}.Debug|Any CPU.ActiveCfg = Debug|Any CPU
		{8847A96A-53B3-4A6A-8D30-74EFC01168D8}.Debug|Any CPU.Build.0 = Debug|Any CPU
		{8847A96A-53B3-4A6A-8D30-74EFC01168D8}.Release|Any CPU.ActiveCfg = Release|Any CPU
		{8847A96A-53B3-4A6A-8D30-74EFC01168D8}.Release|Any CPU.Build.0 = Release|Any CPU
		{6668A8FA-20C9-4F3A-8CED-3EAE3DDC8E20}.Debug|Any CPU.ActiveCfg = Debug|Any CPU
		{6668A8FA-20C9-4F3A-8CED-3EAE3DDC8E20}.Debug|Any CPU.Build.0 = Debug|Any CPU
		{6668A8FA-20C9-4F3A-8CED-3EAE3DDC8E20}.Release|Any CPU.ActiveCfg = Release|Any CPU
		{6668A8FA-20C9-4F3A-8CED-3EAE3DDC8E20}.Release|Any CPU.Build.0 = Release|Any CPU
	EndGlobalSection
	GlobalSection(SolutionProperties) = preSolution
		HideSolutionNode = FALSE
	EndGlobalSection
EndGlobal
